
Microsoft Visual Studio Solution File, Format Version 12.00
# Visual Studio Version 17
VisualStudioVersion = 17.12.35506.116
MinimumVisualStudioVersion = 10.0.40219.1
Project("{FAE04EC0-301F-11D3-BF4B-00C04F79EFBC}") = "LabeledByAI", "LabeledByAI\LabeledByAI.csproj", "{B7A8BB63-C133-4969-BEB2-9D63BE3558F2}"
EndProject
Project("{FAE04EC0-301F-11D3-BF4B-00C04F79EFBC}") = "labeled-by-ai.AppHost", "labeled-by-ai.AppHost\labeled-by-ai.AppHost.csproj", "{CCD2A006-B072-4311-AE4A-6F4F929DF401}"
EndProject
Project("{FAE04EC0-301F-11D3-BF4B-00C04F79EFBC}") = "labeled-by-ai.ServiceDefaults", "labeled-by-ai.ServiceDefaults\labeled-by-ai.ServiceDefaults.csproj", "{3F892DB2-87D0-4C06-B3A4-3886193F0060}"
EndProject
Project("{FAE04EC0-301F-11D3-BF4B-00C04F79EFBC}") = "LabeledByAI.Services", "LabeledByAI.Services\LabeledByAI.Services.csproj", "{6A13233C-865E-4A1E-8FCA-14BC39E7459E}"
EndProject
Project("{2150E333-8FDC-42A3-9474-1A3956D46DE8}") = "Files", "Files", "{D9A3208D-66DE-4F49-9D11-3AC7B2910028}"
	ProjectSection(SolutionItems) = preProject
		Directory.Build.props = Directory.Build.props
	EndProjectSection
EndProject
Global
	GlobalSection(SolutionConfigurationPlatforms) = preSolution
		Debug|Any CPU = Debug|Any CPU
		Release|Any CPU = Release|Any CPU
	EndGlobalSection
	GlobalSection(ProjectConfigurationPlatforms) = postSolution
		{B7A8BB63-C133-4969-BEB2-9D63BE3558F2}.Debug|Any CPU.ActiveCfg = Debug|Any CPU
		{B7A8BB63-C133-4969-BEB2-9D63BE3558F2}.Debug|Any CPU.Build.0 = Debug|Any CPU
		{B7A8BB63-C133-4969-BEB2-9D63BE3558F2}.Release|Any CPU.ActiveCfg = Release|Any CPU
		{B7A8BB63-C133-4969-BEB2-9D63BE3558F2}.Release|Any CPU.Build.0 = Release|Any CPU
		{CCD2A006-B072-4311-AE4A-6F4F929DF401}.Debug|Any CPU.ActiveCfg = Debug|Any CPU
		{CCD2A006-B072-4311-AE4A-6F4F929DF401}.Debug|Any CPU.Build.0 = Debug|Any CPU
		{CCD2A006-B072-4311-AE4A-6F4F929DF401}.Release|Any CPU.ActiveCfg = Release|Any CPU
		{CCD2A006-B072-4311-AE4A-6F4F929DF401}.Release|Any CPU.Build.0 = Release|Any CPU
		{3F892DB2-87D0-4C06-B3A4-3886193F0060}.Debug|Any CPU.ActiveCfg = Debug|Any CPU
		{3F892DB2-87D0-4C06-B3A4-3886193F0060}.Debug|Any CPU.Build.0 = Debug|Any CPU
		{3F892DB2-87D0-4C06-B3A4-3886193F0060}.Release|Any CPU.ActiveCfg = Release|Any CPU
		{3F892DB2-87D0-4C06-B3A4-3886193F0060}.Release|Any CPU.Build.0 = Release|Any CPU
		{6A13233C-865E-4A1E-8FCA-14BC39E7459E}.Debug|Any CPU.ActiveCfg = Debug|Any CPU
		{6A13233C-865E-4A1E-8FCA-14BC39E7459E}.Debug|Any CPU.Build.0 = Debug|Any CPU
		{6A13233C-865E-4A1E-8FCA-14BC39E7459E}.Release|Any CPU.ActiveCfg = Release|Any CPU
		{6A13233C-865E-4A1E-8FCA-14BC39E7459E}.Release|Any CPU.Build.0 = Release|Any CPU
	EndGlobalSection
	GlobalSection(SolutionProperties) = preSolution
		HideSolutionNode = FALSE
	EndGlobalSection
EndGlobal
